
Microsoft Visual Studio Solution File, Format Version 9.00
# Visual Studio 2005
Project("{8BC9CEB8-8B4A-11D0-8D11-00A0C91BC942}") = "glutplane", "glutplane.vcproj", "{848EA025-470A-4A88-AB16-B44480A5808D}"
EndProject
Global
	GlobalSection(SolutionConfigurationPlatforms) = preSolution
		Debug|Win32 = Debug|Win32
		Release|Win32 = Release|Win32
	EndGlobalSection
	GlobalSection(ProjectConfigurationPlatforms) = postSolution
		{848EA025-470A-4A88-AB16-B44480A5808D}.Debug|Win32.ActiveCfg = Debug|Win32
		{848EA025-470A-4A88-AB16-B44480A5808D}.Debug|Win32.Build.0 = Debug|Win32
		{848EA025-470A-4A88-AB16-B44480A5808D}.Release|Win32.ActiveCfg = Release|Win32
		{848EA025-470A-4A88-AB16-B44480A5808D}.Release|Win32.Build.0 = Release|Win32
	EndGlobalSection
	GlobalSection(SolutionProperties) = preSolution
		HideSolutionNode = FALSE
	EndGlobalSection
EndGlobal
